<Solution>
  <Configurations>
    <BuildType Name="Debug" />
    <BuildType Name="Release" />
    <BuildType Name="Test" />
    <Platform Name="x64" />
    <Platform Name="x86" />
  </Configurations>
  <Project Path="FvmNativeSupport/FvmNativeSupport.vcxproj" Id="c3356136-0aad-417f-a998-ef28dd731fc2">
    <BuildType Solution="Debug|x64" Project="Release" />
  </Project>
</Solution>
